
Microsoft Visual Studio Solution File, Format Version 12.00
# Visual Studio 15
VisualStudioVersion = 15.0.28010.2026
MinimumVisualStudioVersion = 10.0.40219.1
Project("{FAE04EC0-301F-11D3-BF4B-00C04F79EFBC}") = "ChallengeStudentCourses_byMe", "ChallengeStudentCourses_byMe\ChallengeStudentCourses_byMe.csproj", "{8A7A1521-9BD9-4AD3-BF5F-F604C3F220BD}"
EndProject
Global
	GlobalSection(SolutionConfigurationPlatforms) = preSolution
		Debug|Any CPU = Debug|Any CPU
		Release|Any CPU = Release|Any CPU
	EndGlobalSection
	GlobalSection(ProjectConfigurationPlatforms) = postSolution
		{8A7A1521-9BD9-4AD3-BF5F-F604C3F220BD}.Debug|Any CPU.ActiveCfg = Debug|Any CPU
		{8A7A1521-9BD9-4AD3-BF5F-F604C3F220BD}.Debug|Any CPU.Build.0 = Debug|Any CPU
		{8A7A1521-9BD9-4AD3-BF5F-F604C3F220BD}.Release|Any CPU.ActiveCfg = Release|Any CPU
		{8A7A1521-9BD9-4AD3-BF5F-F604C3F220BD}.Release|Any CPU.Build.0 = Release|Any CPU
	EndGlobalSection
	GlobalSection(SolutionProperties) = preSolution
		HideSolutionNode = FALSE
	EndGlobalSection
	GlobalSection(ExtensibilityGlobals) = postSolution
		SolutionGuid = {AAD62CDF-6EB6-4753-B5E7-3BC185296959}
	EndGlobalSection
EndGlobal
